{
  "name": "@statoscope/helpers",
  "version": "5.23.0",
  "lockfileVersion": 2,
  "requires": true,
  "packages": {
    "": {
      "name": "@statoscope/helpers",
      "version": "5.23.0",
      "license": "MIT",
      "dependencies": {
        "@types/archy": "^0.0.32",
        "@types/semver": "^7.3.10",
        "archy": "~1.0.0",
        "jora": "^1.0.0-beta.7",
        "semver": "^7.3.7"
      }
    },
    "node_modules/@discoveryjs/natural-compare": {
      "version": "1.0.0",
      "resolved": "https://registry.npmjs.org/@discoveryjs/natural-compare/-/natural-compare-1.0.0.tgz",
      "integrity": "sha512-Pq35vJMxLZq4whZhyaMGO/89mmFee2+6NojaXD2bNo+7CxI6P7C1tncgQ0CM60+WueRMr8uFDKSX/8KitImCQg==",
      "engines": {
        "node": "^10 || ^12.20.0 || ^14.13.0 || >=15.0.0",
        "npm": ">=7.0.0"
      }
    },
    "node_modules/@types/archy": {
      "version": "0.0.32",
      "resolved": "https://registry.npmjs.org/@types/archy/-/archy-0.0.32.tgz",
      "integrity": "sha512-5ZZ5+YGmUE01yejiXsKnTcvhakMZ2UllZlMsQni53Doc1JWhe21ia8VntRoRD6fAEWw08JBh/z9qQHJ+//MrIg=="
    },
    "node_modules/@types/semver": {
      "version": "7.3.10",
      "resolved": "https://registry.npmjs.org/@types/semver/-/semver-7.3.10.tgz",
      "integrity": "sha512-zsv3fsC7S84NN6nPK06u79oWgrPVd0NvOyqgghV1haPaFcVxIrP4DLomRwGAXk0ui4HZA7mOcSFL98sMVW9viw=="
    },
    "node_modules/archy": {
      "version": "1.0.0",
      "resolved": "https://registry.npmjs.org/archy/-/archy-1.0.0.tgz",
      "integrity": "sha1-+cjBN1fMHde8N5rHeyxipcKGjEA="
    },
    "node_modules/jora": {
      "version": "1.0.0-beta.7",
      "resolved": "https://registry.npmjs.org/jora/-/jora-1.0.0-beta.7.tgz",
      "integrity": "sha512-7Mq37XUPQM/fEetH8Z4iHTABWgoq64UL9mIRfssX1b0Ogns3TqbOS0UIV7gwQ3D0RshfLJzGgbbW17UyFjxSLQ==",
      "dependencies": {
        "@discoveryjs/natural-compare": "^1.0.0"
      },
      "engines": {
        "node": "^10.12.0 || ^12.20.0 || ^14.13.0 || >=15.0.0"
      }
    },
    "node_modules/lru-cache": {
      "version": "6.0.0",
      "resolved": "https://registry.npmjs.org/lru-cache/-/lru-cache-6.0.0.tgz",
      "integrity": "sha512-Jo6dJ04CmSjuznwJSS3pUeWmd/H0ffTlkXXgwZi+eq1UCmqQwCh+eLsYOYCwY991i2Fah4h1BEMCx4qThGbsiA==",
      "dependencies": {
        "yallist": "^4.0.0"
      },
      "engines": {
        "node": ">=10"
      }
    },
    "node_modules/semver": {
      "version": "7.3.7",
      "resolved": "https://registry.npmjs.org/semver/-/semver-7.3.7.tgz",
      "integrity": "sha512-QlYTucUYOews+WeEujDoEGziz4K6c47V/Bd+LjSSYcA94p+DmINdf7ncaUinThfvZyu13lN9OY1XDxt8C0Tw0g==",
      "dependencies": {
        "lru-cache": "^6.0.0"
      },
      "bin": {
        "semver": "bin/semver.js"
      },
      "engines": {
        "node": ">=10"
      }
    },
    "node_modules/yallist": {
      "version": "4.0.0",
      "resolved": "https://registry.npmjs.org/yallist/-/yallist-4.0.0.tgz",
      "integrity": "sha512-3wdGidZyq5PB084XLES5TpOSRA3wjXAlIWMhum2kRcv/41Sn2emQ0dycQW4uZXLejwKvg6EsvbdlVL+FYEct7A=="
    }
  },
  "dependencies": {
    "@discoveryjs/natural-compare": {
      "version": "1.0.0",
      "resolved": "https://registry.npmjs.org/@discoveryjs/natural-compare/-/natural-compare-1.0.0.tgz",
      "integrity": "sha512-Pq35vJMxLZq4whZhyaMGO/89mmFee2+6NojaXD2bNo+7CxI6P7C1tncgQ0CM60+WueRMr8uFDKSX/8KitImCQg=="
    },
    "@types/archy": {
      "version": "0.0.32",
      "resolved": "https://registry.npmjs.org/@types/archy/-/archy-0.0.32.tgz",
      "integrity": "sha512-5ZZ5+YGmUE01yejiXsKnTcvhakMZ2UllZlMsQni53Doc1JWhe21ia8VntRoRD6fAEWw08JBh/z9qQHJ+//MrIg=="
    },
    "@types/semver": {
      "version": "7.3.10",
      "resolved": "https://registry.npmjs.org/@types/semver/-/semver-7.3.10.tgz",
      "integrity": "sha512-zsv3fsC7S84NN6nPK06u79oWgrPVd0NvOyqgghV1haPaFcVxIrP4DLomRwGAXk0ui4HZA7mOcSFL98sMVW9viw=="
    },
    "archy": {
      "version": "1.0.0",
      "resolved": "https://registry.npmjs.org/archy/-/archy-1.0.0.tgz",
      "integrity": "sha1-+cjBN1fMHde8N5rHeyxipcKGjEA="
    },
    "jora": {
      "version": "1.0.0-beta.7",
      "resolved": "https://registry.npmjs.org/jora/-/jora-1.0.0-beta.7.tgz",
      "integrity": "sha512-7Mq37XUPQM/fEetH8Z4iHTABWgoq64UL9mIRfssX1b0Ogns3TqbOS0UIV7gwQ3D0RshfLJzGgbbW17UyFjxSLQ==",
      "requires": {
        "@discoveryjs/natural-compare": "^1.0.0"
      }
    },
    "lru-cache": {
      "version": "6.0.0",
      "resolved": "https://registry.npmjs.org/lru-cache/-/lru-cache-6.0.0.tgz",
      "integrity": "sha512-Jo6dJ04CmSjuznwJSS3pUeWmd/H0ffTlkXXgwZi+eq1UCmqQwCh+eLsYOYCwY991i2Fah4h1BEMCx4qThGbsiA==",
      "requires": {
        "yallist": "^4.0.0"
      }
    },
    "semver": {
      "version": "7.3.7",
      "resolved": "https://registry.npmjs.org/semver/-/semver-7.3.7.tgz",
      "integrity": "sha512-QlYTucUYOews+WeEujDoEGziz4K6c47V/Bd+LjSSYcA94p+DmINdf7ncaUinThfvZyu13lN9OY1XDxt8C0Tw0g==",
      "requires": {
        "lru-cache": "^6.0.0"
      }
    },
    "yallist": {
      "version": "4.0.0",
      "resolved": "https://registry.npmjs.org/yallist/-/yallist-4.0.0.tgz",
      "integrity": "sha512-3wdGidZyq5PB084XLES5TpOSRA3wjXAlIWMhum2kRcv/41Sn2emQ0dycQW4uZXLejwKvg6EsvbdlVL+FYEct7A=="
    }
  }
}
