{
	"name": "@statoscope/webpack-ui",
	"version": "5.8.0",
	"lockfileVersion": 1,
	"requires": true,
	"dependencies": {
		"@carrotsearch/foamtree": {
			"version": "3.5.0",
			"resolved": "https://registry.npmjs.org/@carrotsearch/foamtree/-/foamtree-3.5.0.tgz",
			"integrity": "sha512-cDql5T3eS4Y5jzrDj25QNpU0pHgLFJ96MaoMAkJX8ceL2yat4u7EbIuqLoTbQLiTy1KxDRFbxHIKLzTUT64Duw==",
			"dev": true
		},
		"@discoveryjs/discovery": {
			"version": "1.0.0-beta.60",
			"resolved": "https://registry.npmjs.org/@discoveryjs/discovery/-/discovery-1.0.0-beta.60.tgz",
			"integrity": "sha512-cuW/3de2E+TAxaOTCDKTLrA+wtET7KqQpRKLCMxRGZ4M2/LDUL5i6YDttp+07XpRTlI+f7WnvJUiR/5PX6zMWQ==",
			"dev": true,
			"requires": {
				"@discoveryjs/json-ext": "^0.5.2",
				"codemirror": "^5.59.0",
				"hitext": "^1.0.0-beta.1",
				"jora": "1.0.0-beta.5",
				"marked": "^2.0.0"
			}
		},
		"@discoveryjs/json-ext": {
			"version": "0.5.2",
			"resolved": "https://registry.npmjs.org/@discoveryjs/json-ext/-/json-ext-0.5.2.tgz",
			"integrity": "sha512-HyYEUDeIj5rRQU2Hk5HTB2uHsbRQpF70nvMhVzi+VJR0X+xNEhjPui4/kBf3VeH/wqD28PT4sVOm8qqLjBrSZg==",
			"dev": true
		},
		"@popperjs/core": {
			"version": "2.9.1",
			"resolved": "https://registry.npmjs.org/@popperjs/core/-/core-2.9.1.tgz",
			"integrity": "sha512-DvJbbn3dUgMxDnJLH+RZQPnXak1h4ZVYQ7CWiFWjQwBFkVajT4rfw2PdpHLTSTwxrYfnoEXkuBiwkDm6tPMQeA==",
			"dev": true
		},
		"@types/json-schema": {
			"version": "7.0.6",
			"resolved": "https://registry.npmjs.org/@types%2fjson-schema/-/json-schema-7.0.6.tgz",
			"integrity": "sha512-3c+yGKvVP5Y9TYBEibGNR+kLtijnj7mYrXRg+WpFb2X9xm04g/DXYkfg4hmzJQosc9snFNUPkbYIhu+KAm6jJw==",
			"dev": true
		},
		"@wdxlab/events": {
			"version": "1.1.0",
			"resolved": "https://registry.npmjs.org/@wdxlab%2fevents/-/events-1.1.0.tgz",
			"integrity": "sha512-bGXZA+QJHpLhhwg12Mzs5QwPj4RPU7ghqpl1kPxVT05emd4vBaCRNqUZi03dkdUOsDQRCQgFh1ZdWSfX6OmgEA==",
			"dev": true
		},
		"ajv-keywords": {
			"version": "3.5.2",
			"resolved": "https://registry.npmjs.org/ajv-keywords/-/ajv-keywords-3.5.2.tgz",
			"integrity": "sha512-5p6WTN0DdTGVQk6VjcEju19IgaHudalcfabD7yhDGeA6bcQnmL+CpveLJq/3hvfwd1aof6L386Ougkx6RfyMIQ==",
			"dev": true
		},
		"ansi-styles": {
			"version": "3.2.1",
			"resolved": "https://registry.npmjs.org/ansi-styles/-/ansi-styles-3.2.1.tgz",
			"integrity": "sha512-VT0ZI6kZRdTh8YyJw3SMbYm/u+NqfsAxEpWO0Pf9sq8/e94WxxOpPKx9FR1FlyCtOVDNOQ+8ntlqFxiRc+r5qA==",
			"dev": true,
			"requires": {
				"color-convert": "^1.9.0"
			}
		},
		"babel-loader": {
			"version": "8.2.2",
			"resolved": "https://registry.npmjs.org/babel-loader/-/babel-loader-8.2.2.tgz",
			"integrity": "sha512-JvTd0/D889PQBtUXJ2PXaKU/pjZDMtHA9V2ecm+eNRmmBCMR09a+fmpGTNwnJtFmFl5Ei7Vy47LjBb+L0wQ99g==",
			"dev": true,
			"requires": {
				"find-cache-dir": "^3.3.1",
				"loader-utils": "^1.4.0",
				"make-dir": "^3.1.0",
				"schema-utils": "^2.6.5"
			},
			"dependencies": {
				"json-schema-traverse": {
					"version": "0.4.1",
					"resolved": "https://registry.npmjs.org/json-schema-traverse/-/json-schema-traverse-0.4.1.tgz",
					"integrity": "sha512-xbbCH5dCYU5T8LcEhhuh7HJ88HXuW3qsI3Y0zOZFKfZEHcpWiHU/Jxzk629Brsab/mMiHQti9wMP+845RPe3Vg==",
					"dev": true
				},
				"schema-utils": {
					"version": "2.7.1",
					"resolved": "https://registry.npmjs.org/schema-utils/-/schema-utils-2.7.1.tgz",
					"integrity": "sha512-SHiNtMOUGWBQJwzISiVYKu82GiV4QYGePp3odlY1tuKO7gPtphAT5R/py0fA6xtbgLL/RvtJZnU9b8s0F1q0Xg==",
					"dev": true,
					"requires": {
						"@types/json-schema": "^7.0.5",
						"ajv": "^6.12.4",
						"ajv-keywords": "^3.5.2"
					},
					"dependencies": {
						"ajv": {
							"version": "6.12.6",
							"resolved": "https://registry.npmjs.org/ajv/-/ajv-6.12.6.tgz",
							"integrity": "sha512-j3fVLgvTo527anyYyJOGTYJbG+vnnQYvE0m5mmkc1TK+nxAppkCLMIL0aZ4dblVCNoGShhm+kzE4ZUykBoMg4g==",
							"dev": true,
							"requires": {
								"fast-deep-equal": "^3.1.1",
								"fast-json-stable-stringify": "^2.0.0",
								"json-schema-traverse": "^0.4.1",
								"uri-js": "^4.2.2"
							}
						}
					}
				}
			}
		},
		"big.js": {
			"version": "5.2.2",
			"resolved": "https://registry.npmjs.org/big.js/-/big.js-5.2.2.tgz",
			"integrity": "sha512-vyL2OymJxmarO8gxMr0mhChsO9QGwhynfuu4+MHTAW6czfq9humCB7rKpUjDd9YUiDPU4mzpyupFSvOClAwbmQ==",
			"dev": true
		},
		"camelcase": {
			"version": "6.2.0",
			"resolved": "https://registry.npmjs.org/camelcase/-/camelcase-6.2.0.tgz",
			"integrity": "sha512-c7wVvbw3f37nuobQNtgsgG9POC9qMbNuMQmTCqZv23b6MIz0fcYpBiOlv9gEN/hdLdnZTDQhg6e9Dq5M1vKvfg==",
			"dev": true
		},
		"codemirror": {
			"version": "5.60.0",
			"resolved": "https://registry.npmjs.org/codemirror/-/codemirror-5.60.0.tgz",
			"integrity": "sha512-AEL7LhFOlxPlCL8IdTcJDblJm8yrAGib7I+DErJPdZd4l6imx8IMgKK3RblVgBQqz3TZJR4oknQ03bz+uNjBYA==",
			"dev": true
		},
		"color-convert": {
			"version": "1.9.3",
			"resolved": "https://registry.npmjs.org/color-convert/-/color-convert-1.9.3.tgz",
			"integrity": "sha512-QfAUtd+vFdAtFQcC8CCyYt1fYWxSqAiK2cSD6zDB8N3cpsEBAvRxp9zOGg6G/SHHJYAT88/az/IuDGALsNVbGg==",
			"dev": true,
			"requires": {
				"color-name": "1.1.3"
			}
		},
		"color-name": {
			"version": "1.1.3",
			"resolved": "https://registry.npmjs.org/color-name/-/color-name-1.1.3.tgz",
			"integrity": "sha1-p9BVi9icQveV3UIyj3QIMcpTvCU=",
			"dev": true
		},
		"colorette": {
			"version": "1.2.2",
			"resolved": "https://registry.npmjs.org/colorette/-/colorette-1.2.2.tgz",
			"integrity": "sha512-MKGMzyfeuutC/ZJ1cba9NqcNpfeqMUcYmyF1ZFY6/Cn7CNSAKx6a+s48sqLqyAiZuaP2TcqMhoo+dlwFnVxT9w==",
			"dev": true
		},
		"commondir": {
			"version": "1.0.1",
			"resolved": "https://registry.npmjs.org/commondir/-/commondir-1.0.1.tgz",
			"integrity": "sha1-3dgA2gxmEnOTzKWVDqloo6rxJTs=",
			"dev": true
		},
		"css-loader": {
			"version": "5.1.3",
			"resolved": "https://registry.npmjs.org/css-loader/-/css-loader-5.1.3.tgz",
			"integrity": "sha512-CoPZvyh8sLiGARK3gqczpfdedbM74klGWurF2CsNZ2lhNaXdLIUks+3Mfax3WBeRuHoglU+m7KG/+7gY6G4aag==",
			"dev": true,
			"requires": {
				"camelcase": "^6.2.0",
				"cssesc": "^3.0.0",
				"icss-utils": "^5.1.0",
				"loader-utils": "^2.0.0",
				"postcss": "^8.2.8",
				"postcss-modules-extract-imports": "^3.0.0",
				"postcss-modules-local-by-default": "^4.0.0",
				"postcss-modules-scope": "^3.0.0",
				"postcss-modules-values": "^4.0.0",
				"postcss-value-parser": "^4.1.0",
				"schema-utils": "^3.0.0",
				"semver": "^7.3.4"
			},
			"dependencies": {
				"json5": {
					"version": "2.2.0",
					"resolved": "https://registry.npmjs.org/json5/-/json5-2.2.0.tgz",
					"integrity": "sha512-f+8cldu7X/y7RAJurMEJmdoKXGB/X550w2Nr3tTbezL6RwEE/iMcm+tZnXeoZtKuOq6ft8+CqzEkrIgx1fPoQA==",
					"dev": true,
					"requires": {
						"minimist": "^1.2.5"
					}
				},
				"loader-utils": {
					"version": "2.0.0",
					"resolved": "https://registry.npmjs.org/loader-utils/-/loader-utils-2.0.0.tgz",
					"integrity": "sha512-rP4F0h2RaWSvPEkD7BLDFQnvSf+nK+wr3ESUjNTyAGobqrijmW92zc+SO6d4p4B1wh7+B/Jg1mkQe5NYUEHtHQ==",
					"dev": true,
					"requires": {
						"big.js": "^5.2.2",
						"emojis-list": "^3.0.0",
						"json5": "^2.1.2"
					}
				},
				"semver": {
					"version": "7.3.4",
					"resolved": "https://registry.npmjs.org/semver/-/semver-7.3.4.tgz",
					"integrity": "sha512-tCfb2WLjqFAtXn4KEdxIhalnRtoKFN7nAwj0B3ZXCbQloV2tq5eDbcTmT68JJD3nRJq24/XgxtQKFIpQdtvmVw==",
					"dev": true,
					"requires": {
						"lru-cache": "^6.0.0"
					}
				}
			}
		},
		"cssesc": {
			"version": "3.0.0",
			"resolved": "https://registry.npmjs.org/cssesc/-/cssesc-3.0.0.tgz",
			"integrity": "sha512-/Tb/JcjK111nNScGob5MNtsntNM1aCNUDipB/TkwZFhyDrrE47SOx/18wF2bbjgc3ZzCSKW1T5nt5EbFoAz/Vg==",
			"dev": true
		},
		"emojis-list": {
			"version": "3.0.0",
			"resolved": "https://registry.npmjs.org/emojis-list/-/emojis-list-3.0.0.tgz",
			"integrity": "sha512-/kyM18EfinwXZbno9FyUGeFh87KC8HRQBQGildHZbEuRyWFOmv1U10o9BBp8XVZDVNNuQKyIGIu5ZYAAXJ0V2Q==",
			"dev": true
		},
		"fast-deep-equal": {
			"version": "3.1.3",
			"resolved": "https://registry.npmjs.org/fast-deep-equal/-/fast-deep-equal-3.1.3.tgz",
			"integrity": "sha512-f3qQ9oQy9j2AhBe/H9VC91wLmKBCCU/gDOnKNAYG5hswO7BLKj09Hc5HYNz9cGI++xlpDCIgDaitVs03ATR84Q==",
			"dev": true
		},
		"fast-json-stable-stringify": {
			"version": "2.1.0",
			"resolved": "https://registry.npmjs.org/fast-json-stable-stringify/-/fast-json-stable-stringify-2.1.0.tgz",
			"integrity": "sha512-lhd/wF+Lk98HZoTCtlVraHtfh5XYijIjalXck7saUtuanSDyLMxnHhSXEDJqHxD7msR8D0uCmqlkwjCV8xvwHw==",
			"dev": true
		},
		"find-cache-dir": {
			"version": "3.3.1",
			"resolved": "https://registry.npmjs.org/find-cache-dir/-/find-cache-dir-3.3.1.tgz",
			"integrity": "sha512-t2GDMt3oGC/v+BMwzmllWDuJF/xcDtE5j/fCGbqDD7OLuJkj0cfh1YSA5VKPvwMeLFLNDBkwOKZ2X85jGLVftQ==",
			"dev": true,
			"requires": {
				"commondir": "^1.0.1",
				"make-dir": "^3.0.2",
				"pkg-dir": "^4.1.0"
			}
		},
		"find-up": {
			"version": "4.1.0",
			"resolved": "https://registry.npmjs.org/find-up/-/find-up-4.1.0.tgz",
			"integrity": "sha512-PpOwAdQ/YlXQ2vj8a3h8IipDuYRi3wceVQQGYWxNINccq40Anw7BlsEXCMbt1Zt+OLA6Fq9suIpIWD0OsnISlw==",
			"dev": true,
			"requires": {
				"locate-path": "^5.0.0",
				"path-exists": "^4.0.0"
			}
		},
		"hitext": {
			"version": "1.0.0-beta.1",
			"resolved": "https://registry.npmjs.org/hitext/-/hitext-1.0.0-beta.1.tgz",
			"integrity": "sha512-H7ph5MF3lrc8BE47hhyHi+ZgoRiGi5kqxnA5Ou6rg9dVHtPnmUU8/Man19X/H3Cj1C/DF+jsN/ch9eV7nfpzMQ==",
			"dev": true,
			"requires": {
				"ansi-styles": "^3.2.1"
			}
		},
		"icss-utils": {
			"version": "5.1.0",
			"resolved": "https://registry.npmjs.org/icss-utils/-/icss-utils-5.1.0.tgz",
			"integrity": "sha512-soFhflCVWLfRNOPU3iv5Z9VUdT44xFRbzjLsEzSr5AQmgqPMTHdU3PMT1Cf1ssx8fLNJDA1juftYl+PUcv3MqA==",
			"dev": true
		},
		"indexes-of": {
			"version": "1.0.1",
			"resolved": "https://registry.npmjs.org/indexes-of/-/indexes-of-1.0.1.tgz",
			"integrity": "sha1-8w9xbI4r00bHtn0985FVZqfAVgc=",
			"dev": true
		},
		"jora": {
			"version": "1.0.0-beta.5",
			"resolved": "https://registry.npmjs.org/jora/-/jora-1.0.0-beta.5.tgz",
			"integrity": "sha512-hPJKQyF0eiCqQOwfgIuQa+8wIn+WcEcjjyeOchuiXEUnt6zbV0tHKsUqRRwJY47ZtBiGcJQNr/BGuYW1Sfwbvg==",
			"dev": true
		},
		"json5": {
			"version": "1.0.1",
			"resolved": "https://registry.npmjs.org/json5/-/json5-1.0.1.tgz",
			"integrity": "sha512-aKS4WQjPenRxiQsC93MNfjx+nbF4PAdYzmd/1JIj8HYzqfbu86beTuNgXDzPknWk0n0uARlyewZo4s++ES36Ow==",
			"dev": true,
			"requires": {
				"minimist": "^1.2.0"
			}
		},
		"loader-utils": {
			"version": "1.4.0",
			"resolved": "https://registry.npmjs.org/loader-utils/-/loader-utils-1.4.0.tgz",
			"integrity": "sha512-qH0WSMBtn/oHuwjy/NucEgbx5dbxxnxup9s4PVXJUDHZBQY+s0NWA9rJf53RBnQZxfch7euUui7hpoAPvALZdA==",
			"dev": true,
			"requires": {
				"big.js": "^5.2.2",
				"emojis-list": "^3.0.0",
				"json5": "^1.0.1"
			}
		},
		"locate-path": {
			"version": "5.0.0",
			"resolved": "https://registry.npmjs.org/locate-path/-/locate-path-5.0.0.tgz",
			"integrity": "sha512-t7hw9pI+WvuwNJXwk5zVHpyhIqzg2qTlklJOf0mVxGSbe3Fp2VieZcduNYjaLDoy6p9uGpQEGWG87WpMKlNq8g==",
			"dev": true,
			"requires": {
				"p-locate": "^4.1.0"
			}
		},
		"lru-cache": {
			"version": "6.0.0",
			"resolved": "https://registry.npmjs.org/lru-cache/-/lru-cache-6.0.0.tgz",
			"integrity": "sha512-Jo6dJ04CmSjuznwJSS3pUeWmd/H0ffTlkXXgwZi+eq1UCmqQwCh+eLsYOYCwY991i2Fah4h1BEMCx4qThGbsiA==",
			"dev": true,
			"requires": {
				"yallist": "^4.0.0"
			}
		},
		"make-dir": {
			"version": "3.1.0",
			"resolved": "https://registry.npmjs.org/make-dir/-/make-dir-3.1.0.tgz",
			"integrity": "sha512-g3FeP20LNwhALb/6Cz6Dd4F2ngze0jz7tbzrD2wAV+o9FeNHe4rL+yK2md0J/fiSf1sa1ADhXqi5+oVwOM/eGw==",
			"dev": true,
			"requires": {
				"semver": "^6.0.0"
			}
		},
		"marked": {
			"version": "2.0.1",
			"resolved": "https://registry.npmjs.org/marked/-/marked-2.0.1.tgz",
			"integrity": "sha512-5+/fKgMv2hARmMW7DOpykr2iLhl0NgjyELk5yn92iE7z8Se1IS9n3UsFm86hFXIkvMBmVxki8+ckcpjBeyo/hw==",
			"dev": true
		},
		"minimist": {
			"version": "1.2.5",
			"resolved": "https://registry.npmjs.org/minimist/-/minimist-1.2.5.tgz",
			"integrity": "sha512-FM9nNUYrRBAELZQT3xeZQ7fmMOBg6nWNmJKTcgsJeaLstP/UODVpGsr5OhXhhXg6f+qtJ8uiZ+PUxkDWcgIXLw==",
			"dev": true
		},
		"p-limit": {
			"version": "2.3.0",
			"resolved": "https://registry.npmjs.org/p-limit/-/p-limit-2.3.0.tgz",
			"integrity": "sha512-//88mFWSJx8lxCzwdAABTJL2MyWB12+eIY7MDL2SqLmAkeKU9qxRvWuSyTjm3FUmpBEMuFfckAIqEaVGUDxb6w==",
			"dev": true,
			"requires": {
				"p-try": "^2.0.0"
			}
		},
		"p-locate": {
			"version": "4.1.0",
			"resolved": "https://registry.npmjs.org/p-locate/-/p-locate-4.1.0.tgz",
			"integrity": "sha512-R79ZZ/0wAxKGu3oYMlz8jy/kbhsNrS7SKZ7PxEHBgJ5+F2mtFW2fK2cOtBh1cHYkQsbzFV7I+EoRKe6Yt0oK7A==",
			"dev": true,
			"requires": {
				"p-limit": "^2.2.0"
			}
		},
		"p-try": {
			"version": "2.2.0",
			"resolved": "https://registry.npmjs.org/p-try/-/p-try-2.2.0.tgz",
			"integrity": "sha512-R4nPAVTAU0B9D35/Gk3uJf/7XYbQcyohSKdvAxIRSNghFl4e71hVoGnBNQz9cWaXxO2I10KTC+3jMdvvoKw6dQ==",
			"dev": true
		},
		"path-browserify": {
			"version": "1.0.1",
			"resolved": "https://registry.npmjs.org/path-browserify/-/path-browserify-1.0.1.tgz",
			"integrity": "sha512-b7uo2UCUOYZcnF/3ID0lulOJi/bafxa1xPe7ZPsammBSpjSWQkjNxlt635YGS2MiR9GjvuXCtz2emr3jbsz98g==",
			"dev": true
		},
		"path-exists": {
			"version": "4.0.0",
			"resolved": "https://registry.npmjs.org/path-exists/-/path-exists-4.0.0.tgz",
			"integrity": "sha512-ak9Qy5Q7jYb2Wwcey5Fpvg2KoAc/ZIhLSLOSBmRmygPsGwkVVt0fZa0qrtMz+m6tJTAHfZQ8FnmB4MG4LWy7/w==",
			"dev": true
		},
		"pkg-dir": {
			"version": "4.2.0",
			"resolved": "https://registry.npmjs.org/pkg-dir/-/pkg-dir-4.2.0.tgz",
			"integrity": "sha512-HRDzbaKjC+AOWVXxAU/x54COGeIv9eb+6CkDSQoNTt4XyWoIJvuPsXizxu/Fr23EiekbtZwmh1IcIG/l/a10GQ==",
			"dev": true,
			"requires": {
				"find-up": "^4.0.0"
			}
		},
		"postcss": {
			"version": "8.3.0",
			"resolved": "https://registry.npmjs.org/postcss/-/postcss-8.3.0.tgz",
			"integrity": "sha512-+ogXpdAjWGa+fdYY5BQ96V/6tAo+TdSSIMP5huJBIygdWwKtVoB5JWZ7yUd4xZ8r+8Kvvx4nyg/PQ071H4UtcQ==",
			"dev": true,
			"requires": {
				"colorette": "^1.2.2",
				"nanoid": "^3.1.23",
				"source-map-js": "^0.6.2"
			},
			"dependencies": {
				"nanoid": {
					"version": "3.1.23",
					"resolved": "https://registry.npmjs.org/nanoid/-/nanoid-3.1.23.tgz",
					"integrity": "sha512-FiB0kzdP0FFVGDKlRLEQ1BgDzU87dy5NnzjeW9YZNt+/c3+q82EQDUwniSAUxp/F0gFNI1ZhKU1FqYsMuqZVnw==",
					"dev": true
				}
			}
		},
		"postcss-modules-extract-imports": {
			"version": "3.0.0",
			"resolved": "https://registry.npmjs.org/postcss-modules-extract-imports/-/postcss-modules-extract-imports-3.0.0.tgz",
			"integrity": "sha512-bdHleFnP3kZ4NYDhuGlVK+CMrQ/pqUm8bx/oGL93K6gVwiclvX5x0n76fYMKuIGKzlABOy13zsvqjb0f92TEXw==",
			"dev": true
		},
		"postcss-modules-local-by-default": {
			"version": "4.0.0",
			"resolved": "https://registry.npmjs.org/postcss-modules-local-by-default/-/postcss-modules-local-by-default-4.0.0.tgz",
			"integrity": "sha512-sT7ihtmGSF9yhm6ggikHdV0hlziDTX7oFoXtuVWeDd3hHObNkcHRo9V3yg7vCAY7cONyxJC/XXCmmiHHcvX7bQ==",
			"dev": true,
			"requires": {
				"icss-utils": "^5.0.0",
				"postcss-selector-parser": "^6.0.2",
				"postcss-value-parser": "^4.1.0"
			}
		},
		"postcss-modules-scope": {
			"version": "3.0.0",
			"resolved": "https://registry.npmjs.org/postcss-modules-scope/-/postcss-modules-scope-3.0.0.tgz",
			"integrity": "sha512-hncihwFA2yPath8oZ15PZqvWGkWf+XUfQgUGamS4LqoP1anQLOsOJw0vr7J7IwLpoY9fatA2qiGUGmuZL0Iqlg==",
			"dev": true,
			"requires": {
				"postcss-selector-parser": "^6.0.4"
			}
		},
		"postcss-modules-values": {
			"version": "4.0.0",
			"resolved": "https://registry.npmjs.org/postcss-modules-values/-/postcss-modules-values-4.0.0.tgz",
			"integrity": "sha512-RDxHkAiEGI78gS2ofyvCsu7iycRv7oqw5xMWn9iMoR0N/7mf9D50ecQqUo5BZ9Zh2vH4bCUR/ktCqbB9m8vJjQ==",
			"dev": true,
			"requires": {
				"icss-utils": "^5.0.0"
			}
		},
		"postcss-selector-parser": {
			"version": "6.0.4",
			"resolved": "https://registry.npmjs.org/postcss-selector-parser/-/postcss-selector-parser-6.0.4.tgz",
			"integrity": "sha512-gjMeXBempyInaBqpp8gODmwZ52WaYsVOsfr4L4lDQ7n3ncD6mEyySiDtgzCT+NYC0mmeOLvtsF8iaEf0YT6dBw==",
			"dev": true,
			"requires": {
				"cssesc": "^3.0.0",
				"indexes-of": "^1.0.1",
				"uniq": "^1.0.1",
				"util-deprecate": "^1.0.2"
			}
		},
		"postcss-value-parser": {
			"version": "4.1.0",
			"resolved": "https://registry.npmjs.org/postcss-value-parser/-/postcss-value-parser-4.1.0.tgz",
			"integrity": "sha512-97DXOFbQJhk71ne5/Mt6cOu6yxsSfM0QGQyl0L25Gca4yGWEGJaig7l7gbCX623VqTBNGLRLaVUCnNkcedlRSQ==",
			"dev": true
		},
		"punycode": {
			"version": "2.1.1",
			"resolved": "https://registry.npmjs.org/punycode/-/punycode-2.1.1.tgz",
			"integrity": "sha512-XRsRjdf+j5ml+y/6GKHPZbrF/8p2Yga0JPtdqTIY2Xe5ohJPD9saDJJLPvp9+NSBprVvevdXZybnj2cv8OEd0A==",
			"dev": true
		},
		"schema-utils": {
			"version": "3.0.0",
			"resolved": "https://registry.npmjs.org/schema-utils/-/schema-utils-3.0.0.tgz",
			"integrity": "sha512-6D82/xSzO094ajanoOSbe4YvXWMfn2A//8Y1+MUqFAJul5Bs+yn36xbK9OtNDcRVSBJ9jjeoXftM6CfztsjOAA==",
			"dev": true,
			"requires": {
				"@types/json-schema": "^7.0.6",
				"ajv": "^6.12.5",
				"ajv-keywords": "^3.5.2"
			},
			"dependencies": {
				"ajv": {
					"version": "6.12.6",
					"resolved": "https://registry.npmjs.org/ajv/-/ajv-6.12.6.tgz",
					"integrity": "sha512-j3fVLgvTo527anyYyJOGTYJbG+vnnQYvE0m5mmkc1TK+nxAppkCLMIL0aZ4dblVCNoGShhm+kzE4ZUykBoMg4g==",
					"dev": true,
					"requires": {
						"fast-deep-equal": "^3.1.1",
						"fast-json-stable-stringify": "^2.0.0",
						"json-schema-traverse": "^0.4.1",
						"uri-js": "^4.2.2"
					}
				},
				"json-schema-traverse": {
					"version": "0.4.1",
					"resolved": "https://registry.npmjs.org/json-schema-traverse/-/json-schema-traverse-0.4.1.tgz",
					"integrity": "sha512-xbbCH5dCYU5T8LcEhhuh7HJ88HXuW3qsI3Y0zOZFKfZEHcpWiHU/Jxzk629Brsab/mMiHQti9wMP+845RPe3Vg==",
					"dev": true
				}
			}
		},
		"semver": {
			"version": "6.3.0",
			"resolved": "https://registry.npmjs.org/semver/-/semver-6.3.0.tgz",
			"integrity": "sha512-b39TBaTSfV6yBrapU89p5fKekE2m/NwnDocOVruQFS1/veMgdzuPcnOM34M6CwxW8jH/lxEa5rBoDeUwu5HHTw==",
			"dev": true
		},
		"source-map-js": {
			"version": "0.6.2",
			"resolved": "https://registry.npmjs.org/source-map-js/-/source-map-js-0.6.2.tgz",
			"integrity": "sha512-/3GptzWzu0+0MBQFrDKzw/DvvMTUORvgY6k6jd/VS6iCR4RDTKWH6v6WPwQoUO8667uQEf9Oe38DxAYWY5F/Ug==",
			"dev": true
		},
		"style-loader": {
			"version": "2.0.0",
			"resolved": "https://registry.npmjs.org/style-loader/-/style-loader-2.0.0.tgz",
			"integrity": "sha512-Z0gYUJmzZ6ZdRUqpg1r8GsaFKypE+3xAzuFeMuoHgjc9KZv3wMyCRjQIWEbhoFSq7+7yoHXySDJyyWQaPajeiQ==",
			"dev": true,
			"requires": {
				"loader-utils": "^2.0.0",
				"schema-utils": "^3.0.0"
			},
			"dependencies": {
				"json-schema-traverse": {
					"version": "0.4.1",
					"resolved": "https://registry.npmjs.org/json-schema-traverse/-/json-schema-traverse-0.4.1.tgz",
					"integrity": "sha512-xbbCH5dCYU5T8LcEhhuh7HJ88HXuW3qsI3Y0zOZFKfZEHcpWiHU/Jxzk629Brsab/mMiHQti9wMP+845RPe3Vg==",
					"dev": true
				},
				"json5": {
					"version": "2.1.3",
					"resolved": "https://registry.npmjs.org/json5/-/json5-2.1.3.tgz",
					"integrity": "sha512-KXPvOm8K9IJKFM0bmdn8QXh7udDh1g/giieX0NLCaMnb4hEiVFqnop2ImTXCc5e0/oHz3LTqmHGtExn5hfMkOA==",
					"dev": true,
					"requires": {
						"minimist": "^1.2.5"
					}
				},
				"loader-utils": {
					"version": "2.0.0",
					"resolved": "https://registry.npmjs.org/loader-utils/-/loader-utils-2.0.0.tgz",
					"integrity": "sha512-rP4F0h2RaWSvPEkD7BLDFQnvSf+nK+wr3ESUjNTyAGobqrijmW92zc+SO6d4p4B1wh7+B/Jg1mkQe5NYUEHtHQ==",
					"dev": true,
					"requires": {
						"big.js": "^5.2.2",
						"emojis-list": "^3.0.0",
						"json5": "^2.1.2"
					}
				},
				"schema-utils": {
					"version": "3.0.0",
					"resolved": "https://registry.npmjs.org/schema-utils/-/schema-utils-3.0.0.tgz",
					"integrity": "sha512-6D82/xSzO094ajanoOSbe4YvXWMfn2A//8Y1+MUqFAJul5Bs+yn36xbK9OtNDcRVSBJ9jjeoXftM6CfztsjOAA==",
					"dev": true,
					"requires": {
						"@types/json-schema": "^7.0.6",
						"ajv": "^6.12.5",
						"ajv-keywords": "^3.5.2"
					},
					"dependencies": {
						"ajv": {
							"version": "6.12.6",
							"resolved": "https://registry.npmjs.org/ajv/-/ajv-6.12.6.tgz",
							"integrity": "sha512-j3fVLgvTo527anyYyJOGTYJbG+vnnQYvE0m5mmkc1TK+nxAppkCLMIL0aZ4dblVCNoGShhm+kzE4ZUykBoMg4g==",
							"dev": true,
							"requires": {
								"fast-deep-equal": "^3.1.1",
								"fast-json-stable-stringify": "^2.0.0",
								"json-schema-traverse": "^0.4.1",
								"uri-js": "^4.2.2"
							}
						}
					}
				}
			}
		},
		"uniq": {
			"version": "1.0.1",
			"resolved": "https://registry.npmjs.org/uniq/-/uniq-1.0.1.tgz",
			"integrity": "sha1-sxxa6CVIRKOoKBVBzisEuGWnNP8=",
			"dev": true
		},
		"uri-js": {
			"version": "4.4.1",
			"resolved": "https://registry.npmjs.org/uri-js/-/uri-js-4.4.1.tgz",
			"integrity": "sha512-7rKUyy33Q1yc98pQ1DAmLtwX109F7TIfWlW1Ydo8Wl1ii1SeHieeh0HHfPeL2fMXK6z0s8ecKs9frCuLJvndBg==",
			"dev": true,
			"requires": {
				"punycode": "^2.1.0"
			}
		},
		"util-deprecate": {
			"version": "1.0.2",
			"resolved": "https://registry.npmjs.org/util-deprecate/-/util-deprecate-1.0.2.tgz",
			"integrity": "sha1-RQ1Nyfpw3nMnYvvS1KKJgUGaDM8=",
			"dev": true
		},
		"yallist": {
			"version": "4.0.0",
			"resolved": "https://registry.npmjs.org/yallist/-/yallist-4.0.0.tgz",
			"integrity": "sha512-3wdGidZyq5PB084XLES5TpOSRA3wjXAlIWMhum2kRcv/41Sn2emQ0dycQW4uZXLejwKvg6EsvbdlVL+FYEct7A==",
			"dev": true
		}
	}
}
