{
	"name": "@statoscope/stats-validator",
	"version": "5.18.0",
	"lockfileVersion": 2,
	"requires": true,
	"packages": {
		"": {
			"name": "@statoscope/stats-validator",
			"version": "5.14.1",
			"license": "MIT",
			"dependencies": {
				"@discoveryjs/json-ext": "^0.5.5"
			}
		},
		"node_modules/@discoveryjs/json-ext": {
			"version": "0.5.5",
			"resolved": "https://registry.npmjs.org/@discoveryjs/json-ext/-/json-ext-0.5.5.tgz",
			"integrity": "sha512-6nFkfkmSeV/rqSaS4oWHgmpnYw194f6hmWF5is6b0J1naJZoiD0NTc9AiUwPHvWsowkjuHErCZT1wa0jg+BLIA==",
			"engines": {
				"node": ">=10.0.0"
			}
		}
	},
	"dependencies": {
		"@discoveryjs/json-ext": {
			"version": "0.5.5",
			"resolved": "https://registry.npmjs.org/@discoveryjs/json-ext/-/json-ext-0.5.5.tgz",
			"integrity": "sha512-6nFkfkmSeV/rqSaS4oWHgmpnYw194f6hmWF5is6b0J1naJZoiD0NTc9AiUwPHvWsowkjuHErCZT1wa0jg+BLIA=="
		}
	}
}
