{
	"name": "@statoscope/report-writer",
	"version": "5.3.2",
	"lockfileVersion": 1,
	"requires": true,
	"dependencies": {
		"@discoveryjs/json-ext": {
			"version": "0.5.3",
			"resolved": "https://registry.npmjs.org/@discoveryjs/json-ext/-/json-ext-0.5.3.tgz",
			"integrity": "sha512-Fxt+AfXgjMoin2maPIYzFZnQjAXjAL0PHscM5pRTtatFqB+vZxAM9tLp2Optnuw3QOQC40jTNeGYFOMvyf7v9g=="
		},
		"@types/node": {
			"version": "12.20.13",
			"resolved": "https://registry.npmjs.org/@types/node/-/node-12.20.13.tgz",
			"integrity": "sha512-1x8W5OpxPq+T85OUsHRP6BqXeosKmeXRtjoF39STcdf/UWLqUsoehstZKOi0CunhVqHG17AyZgpj20eRVooK6A==",
			"dev": true
		}
	}
}
