{
  "name": "@statoscope/report-writer",
  "version": "5.22.0",
  "lockfileVersion": 2,
  "requires": true,
  "packages": {
    "": {
      "name": "@statoscope/report-writer",
      "version": "5.22.0",
      "license": "MIT",
      "dependencies": {
        "@discoveryjs/json-ext": "^0.5.7",
        "@types/pako": "^2.0.0",
        "pako": "^2.0.4"
      },
      "devDependencies": {
        "@types/node": "^12.0.0"
      }
    },
    "node_modules/@discoveryjs/json-ext": {
      "version": "0.5.7",
      "resolved": "https://registry.npmjs.org/@discoveryjs/json-ext/-/json-ext-0.5.7.tgz",
      "integrity": "sha512-dBVuXR082gk3jsFp7Rd/JI4kytwGHecnCoTtXFb7DB6CNHp4rg5k1bhg0nWdLGLnOV71lmDzGQaLMy8iPLY0pw==",
      "engines": {
        "node": ">=10.0.0"
      }
    },
    "node_modules/@types/node": {
      "version": "12.20.28",
      "resolved": "https://registry.npmjs.org/@types/node/-/node-12.20.28.tgz",
      "integrity": "sha512-cBw8gzxUPYX+/5lugXIPksioBSbE42k0fZ39p+4yRzfYjN6++eq9kAPdlY9qm+MXyfbk9EmvCYAYRn380sF46w==",
      "dev": true
    },
    "node_modules/@types/pako": {
      "version": "2.0.0",
      "resolved": "https://registry.npmjs.org/@types/pako/-/pako-2.0.0.tgz",
      "integrity": "sha512-10+iaz93qR5WYxTo+PMifD5TSxiOtdRaxBf7INGGXMQgTCu8Z/7GYWYFUOS3q/G0nE5boj1r4FEB+WSy7s5gbA=="
    },
    "node_modules/pako": {
      "version": "2.0.4",
      "resolved": "https://registry.npmjs.org/pako/-/pako-2.0.4.tgz",
      "integrity": "sha512-v8tweI900AUkZN6heMU/4Uy4cXRc2AYNRggVmTR+dEncawDJgCdLMximOVA2p4qO57WMynangsfGRb5WD6L1Bg=="
    }
  },
  "dependencies": {
    "@discoveryjs/json-ext": {
      "version": "0.5.7",
      "resolved": "https://registry.npmjs.org/@discoveryjs/json-ext/-/json-ext-0.5.7.tgz",
      "integrity": "sha512-dBVuXR082gk3jsFp7Rd/JI4kytwGHecnCoTtXFb7DB6CNHp4rg5k1bhg0nWdLGLnOV71lmDzGQaLMy8iPLY0pw=="
    },
    "@types/node": {
      "version": "12.20.28",
      "resolved": "https://registry.npmjs.org/@types/node/-/node-12.20.28.tgz",
      "integrity": "sha512-cBw8gzxUPYX+/5lugXIPksioBSbE42k0fZ39p+4yRzfYjN6++eq9kAPdlY9qm+MXyfbk9EmvCYAYRn380sF46w==",
      "dev": true
    },
    "@types/pako": {
      "version": "2.0.0",
      "resolved": "https://registry.npmjs.org/@types/pako/-/pako-2.0.0.tgz",
      "integrity": "sha512-10+iaz93qR5WYxTo+PMifD5TSxiOtdRaxBf7INGGXMQgTCu8Z/7GYWYFUOS3q/G0nE5boj1r4FEB+WSy7s5gbA=="
    },
    "pako": {
      "version": "2.0.4",
      "resolved": "https://registry.npmjs.org/pako/-/pako-2.0.4.tgz",
      "integrity": "sha512-v8tweI900AUkZN6heMU/4Uy4cXRc2AYNRggVmTR+dEncawDJgCdLMximOVA2p4qO57WMynangsfGRb5WD6L1Bg=="
    }
  }
}
