{
	"name": "@statoscope/report-writer",
	"version": "5.14.1",
	"lockfileVersion": 1,
	"requires": true,
	"dependencies": {
		"@discoveryjs/json-ext": {
			"version": "0.5.5",
			"resolved": "https://registry.npmjs.org/@discoveryjs/json-ext/-/json-ext-0.5.5.tgz",
			"integrity": "sha512-6nFkfkmSeV/rqSaS4oWHgmpnYw194f6hmWF5is6b0J1naJZoiD0NTc9AiUwPHvWsowkjuHErCZT1wa0jg+BLIA=="
		},
		"@types/node": {
			"version": "12.20.28",
			"resolved": "https://registry.npmjs.org/@types/node/-/node-12.20.28.tgz",
			"integrity": "sha512-cBw8gzxUPYX+/5lugXIPksioBSbE42k0fZ39p+4yRzfYjN6++eq9kAPdlY9qm+MXyfbk9EmvCYAYRn380sF46w==",
			"dev": true
		}
	}
}
