{
	"name": "@statoscope/webpack-plugin",
	"version": "5.11.1",
	"lockfileVersion": 1,
	"requires": true,
	"dependencies": {
		"@discoveryjs/json-ext": {
			"version": "0.5.5",
			"resolved": "https://registry.npmjs.org/@discoveryjs/json-ext/-/json-ext-0.5.5.tgz",
			"integrity": "sha512-6nFkfkmSeV/rqSaS4oWHgmpnYw194f6hmWF5is6b0J1naJZoiD0NTc9AiUwPHvWsowkjuHErCZT1wa0jg+BLIA=="
		},
		"@types/eslint": {
			"version": "7.2.13",
			"resolved": "https://registry.npmjs.org/@types%2feslint/-/eslint-7.2.13.tgz?rbtorrent=377a4e168ca1bc27001c61be4693dd4009e4477a",
			"integrity": "sha512-LKmQCWAlnVHvvXq4oasNUMTJJb2GwSyTY8+1C7OH5ILR8mPLaljv1jxL1bXW3xB3jFbQxTKxJAvI8PyjB09aBg==",
			"requires": {
				"@types/estree": "*",
				"@types/json-schema": "*"
			}
		},
		"@types/eslint-scope": {
			"version": "3.7.0",
			"resolved": "https://registry.npmjs.org/@types%2feslint-scope/-/eslint-scope-3.7.0.tgz?rbtorrent=41a822f8bdd34dcdda0071f9e6234ef41cda8de5",
			"integrity": "sha512-O/ql2+rrCUe2W2rs7wMR+GqPRcgB6UiqN5RhrR5xruFlY7l9YLMn0ZkDzjoHLeiFkR8MCQZVudUuuvQ2BLC9Qw==",
			"requires": {
				"@types/eslint": "*",
				"@types/estree": "*"
			}
		},
		"@types/estree": {
			"version": "0.0.47",
			"resolved": "https://registry.npmjs.org/@types%2festree/-/estree-0.0.47.tgz?rbtorrent=f9abfe6feb226dfbc528740d71ab252d93e3c09c",
			"integrity": "sha512-c5ciR06jK8u9BstrmJyO97m+klJrrhCf9u3rLu3DEAJBirxRqSCvDQoYKmxuYwQI5SZChAWu+tq9oVlGRuzPAg=="
		},
		"@types/json-schema": {
			"version": "7.0.7",
			"resolved": "https://registry.npmjs.org/@types%2fjson-schema/-/json-schema-7.0.7.tgz?rbtorrent=e5a7ce1a9aba4064ac4b6e3be715f840cb692830",
			"integrity": "sha512-cxWFQVseBm6O9Gbw1IWb8r6OS4OhSt3hPZLkFApLjM8TEXROBuQGLAH2i2gZpcXdLBIrpXuTDhH7Vbm1iXmNGA=="
		},
		"@types/node": {
			"version": "12.20.15",
			"resolved": "https://registry.npmjs.org/@types/node/-/node-12.20.15.tgz",
			"integrity": "sha512-F6S4Chv4JicJmyrwlDkxUdGNSplsQdGwp1A0AJloEVDirWdZOAiRHhovDlsFkKUrquUXhz1imJhXHsf59auyAg=="
		},
		"@types/webpack": {
			"version": "5.28.0",
			"resolved": "https://registry.npmjs.org/@types%2fwebpack/-/webpack-5.28.0.tgz?rbtorrent=1c70da5e0e28dfc4742b2d97a066589119dd9943",
			"integrity": "sha512-8cP0CzcxUiFuA9xGJkfeVpqmWTk9nx6CWwamRGCj95ph1SmlRRk9KlCZ6avhCbZd4L68LvYT6l1kpdEnQXrF8w==",
			"requires": {
				"@types/node": "*",
				"tapable": "^2.2.0",
				"webpack": "^5"
			}
		},
		"@webassemblyjs/ast": {
			"version": "1.11.0",
			"resolved": "https://registry.npmjs.org/@webassemblyjs%2fast/-/ast-1.11.0.tgz?rbtorrent=919d2429007bd320da2988881f7de4c680332154",
			"integrity": "sha512-kX2W49LWsbthrmIRMbQZuQDhGtjyqXfEmmHyEi4XWnSZtPmxY0+3anPIzsnRb45VH/J55zlOfWvZuY47aJZTJg==",
			"requires": {
				"@webassemblyjs/helper-numbers": "1.11.0",
				"@webassemblyjs/helper-wasm-bytecode": "1.11.0"
			}
		},
		"@webassemblyjs/floating-point-hex-parser": {
			"version": "1.11.0",
			"resolved": "https://registry.npmjs.org/@webassemblyjs%2ffloating-point-hex-parser/-/floating-point-hex-parser-1.11.0.tgz?rbtorrent=4bd0d2d22812d3c01e83d7107f43dfbcd8859584",
			"integrity": "sha512-Q/aVYs/VnPDVYvsCBL/gSgwmfjeCb4LW8+TMrO3cSzJImgv8lxxEPM2JA5jMrivE7LSz3V+PFqtMbls3m1exDA=="
		},
		"@webassemblyjs/helper-api-error": {
			"version": "1.11.0",
			"resolved": "https://registry.npmjs.org/@webassemblyjs%2fhelper-api-error/-/helper-api-error-1.11.0.tgz?rbtorrent=48418184822891ed7e75b85b4ad52bed245c793c",
			"integrity": "sha512-baT/va95eXiXb2QflSx95QGT5ClzWpGaa8L7JnJbgzoYeaA27FCvuBXU758l+KXWRndEmUXjP0Q5fibhavIn8w=="
		},
		"@webassemblyjs/helper-buffer": {
			"version": "1.11.0",
			"resolved": "https://registry.npmjs.org/@webassemblyjs%2fhelper-buffer/-/helper-buffer-1.11.0.tgz?rbtorrent=5a99c74d82e51f7a57b462fe85e4f2f78c048eec",
			"integrity": "sha512-u9HPBEl4DS+vA8qLQdEQ6N/eJQ7gT7aNvMIo8AAWvAl/xMrcOSiI2M0MAnMCy3jIFke7bEee/JwdX1nUpCtdyA=="
		},
		"@webassemblyjs/helper-numbers": {
			"version": "1.11.0",
			"resolved": "https://registry.npmjs.org/@webassemblyjs%2fhelper-numbers/-/helper-numbers-1.11.0.tgz?rbtorrent=930ed8beae8f872380f22c5f4d5dc49ad513d0dd",
			"integrity": "sha512-DhRQKelIj01s5IgdsOJMKLppI+4zpmcMQ3XboFPLwCpSNH6Hqo1ritgHgD0nqHeSYqofA6aBN/NmXuGjM1jEfQ==",
			"requires": {
				"@webassemblyjs/floating-point-hex-parser": "1.11.0",
				"@webassemblyjs/helper-api-error": "1.11.0",
				"@xtuc/long": "4.2.2"
			}
		},
		"@webassemblyjs/helper-wasm-bytecode": {
			"version": "1.11.0",
			"resolved": "https://registry.npmjs.org/@webassemblyjs%2fhelper-wasm-bytecode/-/helper-wasm-bytecode-1.11.0.tgz?rbtorrent=b5378385f043acdaa01c0640c9edfe94d8465b5d",
			"integrity": "sha512-MbmhvxXExm542tWREgSFnOVo07fDpsBJg3sIl6fSp9xuu75eGz5lz31q7wTLffwL3Za7XNRCMZy210+tnsUSEA=="
		},
		"@webassemblyjs/helper-wasm-section": {
			"version": "1.11.0",
			"resolved": "https://registry.npmjs.org/@webassemblyjs%2fhelper-wasm-section/-/helper-wasm-section-1.11.0.tgz?rbtorrent=00edf5a0064bc50d417e693645445189bc11d3e7",
			"integrity": "sha512-3Eb88hcbfY/FCukrg6i3EH8H2UsD7x8Vy47iVJrP967A9JGqgBVL9aH71SETPx1JrGsOUVLo0c7vMCN22ytJew==",
			"requires": {
				"@webassemblyjs/ast": "1.11.0",
				"@webassemblyjs/helper-buffer": "1.11.0",
				"@webassemblyjs/helper-wasm-bytecode": "1.11.0",
				"@webassemblyjs/wasm-gen": "1.11.0"
			}
		},
		"@webassemblyjs/ieee754": {
			"version": "1.11.0",
			"resolved": "https://registry.npmjs.org/@webassemblyjs%2fieee754/-/ieee754-1.11.0.tgz?rbtorrent=88510917057ea3c2badadae63840569ffe9218c4",
			"integrity": "sha512-KXzOqpcYQwAfeQ6WbF6HXo+0udBNmw0iXDmEK5sFlmQdmND+tr773Ti8/5T/M6Tl/413ArSJErATd8In3B+WBA==",
			"requires": {
				"@xtuc/ieee754": "^1.2.0"
			}
		},
		"@webassemblyjs/leb128": {
			"version": "1.11.0",
			"resolved": "https://registry.npmjs.org/@webassemblyjs%2fleb128/-/leb128-1.11.0.tgz?rbtorrent=a9ae1b7fcb94cd77fed4f1e03b8d8783f999e6e5",
			"integrity": "sha512-aqbsHa1mSQAbeeNcl38un6qVY++hh8OpCOzxhixSYgbRfNWcxJNJQwe2rezK9XEcssJbbWIkblaJRwGMS9zp+g==",
			"requires": {
				"@xtuc/long": "4.2.2"
			}
		},
		"@webassemblyjs/utf8": {
			"version": "1.11.0",
			"resolved": "https://registry.npmjs.org/@webassemblyjs%2futf8/-/utf8-1.11.0.tgz?rbtorrent=f29c3fe9f96d314040ee43f0ff436ebe9f5a543b",
			"integrity": "sha512-A/lclGxH6SpSLSyFowMzO/+aDEPU4hvEiooCMXQPcQFPPJaYcPQNKGOCLUySJsYJ4trbpr+Fs08n4jelkVTGVw=="
		},
		"@webassemblyjs/wasm-edit": {
			"version": "1.11.0",
			"resolved": "https://registry.npmjs.org/@webassemblyjs%2fwasm-edit/-/wasm-edit-1.11.0.tgz?rbtorrent=894c3a52797c39e4ea3cc30bd170f6e06880e65d",
			"integrity": "sha512-JHQ0damXy0G6J9ucyKVXO2j08JVJ2ntkdJlq1UTiUrIgfGMmA7Ik5VdC/L8hBK46kVJgujkBIoMtT8yVr+yVOQ==",
			"requires": {
				"@webassemblyjs/ast": "1.11.0",
				"@webassemblyjs/helper-buffer": "1.11.0",
				"@webassemblyjs/helper-wasm-bytecode": "1.11.0",
				"@webassemblyjs/helper-wasm-section": "1.11.0",
				"@webassemblyjs/wasm-gen": "1.11.0",
				"@webassemblyjs/wasm-opt": "1.11.0",
				"@webassemblyjs/wasm-parser": "1.11.0",
				"@webassemblyjs/wast-printer": "1.11.0"
			}
		},
		"@webassemblyjs/wasm-gen": {
			"version": "1.11.0",
			"resolved": "https://registry.npmjs.org/@webassemblyjs%2fwasm-gen/-/wasm-gen-1.11.0.tgz?rbtorrent=791630f239ad62f644e6af9b7f496f17141352fa",
			"integrity": "sha512-BEUv1aj0WptCZ9kIS30th5ILASUnAPEvE3tVMTrItnZRT9tXCLW2LEXT8ezLw59rqPP9klh9LPmpU+WmRQmCPQ==",
			"requires": {
				"@webassemblyjs/ast": "1.11.0",
				"@webassemblyjs/helper-wasm-bytecode": "1.11.0",
				"@webassemblyjs/ieee754": "1.11.0",
				"@webassemblyjs/leb128": "1.11.0",
				"@webassemblyjs/utf8": "1.11.0"
			}
		},
		"@webassemblyjs/wasm-opt": {
			"version": "1.11.0",
			"resolved": "https://registry.npmjs.org/@webassemblyjs%2fwasm-opt/-/wasm-opt-1.11.0.tgz?rbtorrent=c291a2f5cedab5299b2e9e6e2946e6f187a8985c",
			"integrity": "sha512-tHUSP5F4ywyh3hZ0+fDQuWxKx3mJiPeFufg+9gwTpYp324mPCQgnuVKwzLTZVqj0duRDovnPaZqDwoyhIO8kYg==",
			"requires": {
				"@webassemblyjs/ast": "1.11.0",
				"@webassemblyjs/helper-buffer": "1.11.0",
				"@webassemblyjs/wasm-gen": "1.11.0",
				"@webassemblyjs/wasm-parser": "1.11.0"
			}
		},
		"@webassemblyjs/wasm-parser": {
			"version": "1.11.0",
			"resolved": "https://registry.npmjs.org/@webassemblyjs%2fwasm-parser/-/wasm-parser-1.11.0.tgz?rbtorrent=c8fc522e989b7fb4a2e2b1085496cdef103ccb35",
			"integrity": "sha512-6L285Sgu9gphrcpDXINvm0M9BskznnzJTE7gYkjDbxET28shDqp27wpruyx3C2S/dvEwiigBwLA1cz7lNUi0kw==",
			"requires": {
				"@webassemblyjs/ast": "1.11.0",
				"@webassemblyjs/helper-api-error": "1.11.0",
				"@webassemblyjs/helper-wasm-bytecode": "1.11.0",
				"@webassemblyjs/ieee754": "1.11.0",
				"@webassemblyjs/leb128": "1.11.0",
				"@webassemblyjs/utf8": "1.11.0"
			}
		},
		"@webassemblyjs/wast-printer": {
			"version": "1.11.0",
			"resolved": "https://registry.npmjs.org/@webassemblyjs%2fwast-printer/-/wast-printer-1.11.0.tgz?rbtorrent=d7c54f8236774efb0ab74a7cce48aba11c77e69e",
			"integrity": "sha512-Fg5OX46pRdTgB7rKIUojkh9vXaVN6sGYCnEiJN1GYkb0RPwShZXp6KTDqmoMdQPKhcroOXh3fEzmkWmCYaKYhQ==",
			"requires": {
				"@webassemblyjs/ast": "1.11.0",
				"@xtuc/long": "4.2.2"
			}
		},
		"@xtuc/ieee754": {
			"version": "1.2.0",
			"resolved": "https://registry.npmjs.org/@xtuc%2fieee754/-/ieee754-1.2.0.tgz?rbtorrent=7b6a13d4979fcc776c78bb6b8ad6cb056bcaf0d2",
			"integrity": "sha512-DX8nKgqcGwsc0eJSqYt5lwP4DH5FlHnmuWWBRy7X0NcaGR0ZtuyeESgMwTYVEtxmsNGY+qit4QYT/MIYTOTPeA=="
		},
		"@xtuc/long": {
			"version": "4.2.2",
			"resolved": "https://registry.npmjs.org/@xtuc%2flong/-/long-4.2.2.tgz?rbtorrent=dfc162a3e26c7b15626c015fb9e65b02847b2908",
			"integrity": "sha512-NuHqBY1PB/D8xU6s/thBgOAiAP7HOYDQ32+BFZILJ8ivkUkAHQnWfn6WhL79Owj1qmUnoN/YPhktdIoucipkAQ=="
		},
		"acorn": {
			"version": "8.3.0",
			"resolved": "https://registry.npmjs.org/acorn/-/acorn-8.3.0.tgz?rbtorrent=2e6ba56094c225bf07f65dd6c1b937382c188010",
			"integrity": "sha512-tqPKHZ5CaBJw0Xmy0ZZvLs1qTV+BNFSyvn77ASXkpBNfIRk8ev26fKrD9iLGwGA9zedPao52GSHzq8lyZG0NUw=="
		},
		"ajv": {
			"version": "6.12.6",
			"resolved": "https://registry.npmjs.org/ajv/-/ajv-6.12.6.tgz?rbtorrent=8700a2f2e42ac5b59b5c6d8142cd2bfd19a56001",
			"integrity": "sha512-j3fVLgvTo527anyYyJOGTYJbG+vnnQYvE0m5mmkc1TK+nxAppkCLMIL0aZ4dblVCNoGShhm+kzE4ZUykBoMg4g==",
			"requires": {
				"fast-deep-equal": "^3.1.1",
				"fast-json-stable-stringify": "^2.0.0",
				"json-schema-traverse": "^0.4.1",
				"uri-js": "^4.2.2"
			}
		},
		"ajv-keywords": {
			"version": "3.5.2",
			"resolved": "https://registry.npmjs.org/ajv-keywords/-/ajv-keywords-3.5.2.tgz?rbtorrent=42c671b174a51b1ca9d4206983e0bbc70a9e6199",
			"integrity": "sha512-5p6WTN0DdTGVQk6VjcEju19IgaHudalcfabD7yhDGeA6bcQnmL+CpveLJq/3hvfwd1aof6L386Ougkx6RfyMIQ=="
		},
		"browserslist": {
			"version": "4.16.6",
			"resolved": "https://registry.npmjs.org/browserslist/-/browserslist-4.16.6.tgz?rbtorrent=6bc03a85bb34dd76e75165609f3193ad7648c593",
			"integrity": "sha512-Wspk/PqO+4W9qp5iUTJsa1B/QrYn1keNCcEP5OvP7WBwT4KaDly0uONYmC6Xa3Z5IqnUgS0KcgLYu1l74x0ZXQ==",
			"requires": {
				"caniuse-lite": "^1.0.30001219",
				"colorette": "^1.2.2",
				"electron-to-chromium": "^1.3.723",
				"escalade": "^3.1.1",
				"node-releases": "^1.1.71"
			}
		},
		"buffer-from": {
			"version": "1.1.1",
			"resolved": "https://registry.npmjs.org/buffer-from/-/buffer-from-1.1.1.tgz?rbtorrent=cc7a3cee251d19df3980fd4c9c984912cae6778a",
			"integrity": "sha512-MQcXEUbCKtEo7bhqEs6560Hyd4XaovZlO/k9V3hjVUF/zwW7KBVdSK4gIt/bzwS9MbR5qob+F5jusZsb0YQK2A=="
		},
		"caniuse-lite": {
			"version": "1.0.30001233",
			"resolved": "https://registry.npmjs.org/caniuse-lite/-/caniuse-lite-1.0.30001233.tgz?rbtorrent=a364b8df55150c80519f95f6921dae422e650037",
			"integrity": "sha512-BmkbxLfStqiPA7IEzQpIk0UFZFf3A4E6fzjPJ6OR+bFC2L8ES9J8zGA/asoi47p8XDVkev+WJo2I2Nc8c/34Yg=="
		},
		"chrome-trace-event": {
			"version": "1.0.3",
			"resolved": "https://registry.npmjs.org/chrome-trace-event/-/chrome-trace-event-1.0.3.tgz?rbtorrent=02464276c25f1008ed7e60c18628567f0037c6af",
			"integrity": "sha512-p3KULyQg4S7NIHixdwbGX+nFHkoBiA4YQmyWtjb8XngSKV124nJmRysgAeujbUVb15vh+RvFUfCPqU7rXk+hZg=="
		},
		"colorette": {
			"version": "1.2.2",
			"resolved": "https://registry.npmjs.org/colorette/-/colorette-1.2.2.tgz?rbtorrent=57f2d5d2eaa9d9053f9781f4f9fb93ba25f83ac1",
			"integrity": "sha512-MKGMzyfeuutC/ZJ1cba9NqcNpfeqMUcYmyF1ZFY6/Cn7CNSAKx6a+s48sqLqyAiZuaP2TcqMhoo+dlwFnVxT9w=="
		},
		"commander": {
			"version": "2.20.3",
			"resolved": "https://registry.npmjs.org/commander/-/commander-2.20.3.tgz?rbtorrent=75692e44f7c662a0d417a69e5318478865aa2114",
			"integrity": "sha512-GpVkmM8vF2vQUkj2LvZmD35JxeJOLCwJ9cUkugyk2nuhbv3+mJvpLYYt+0+USMxE+oj+ey/lJEnhZw75x/OMcQ=="
		},
		"define-lazy-prop": {
			"version": "2.0.0",
			"resolved": "https://registry.npmjs.org/define-lazy-prop/-/define-lazy-prop-2.0.0.tgz",
			"integrity": "sha512-Ds09qNh8yw3khSjiJjiUInaGX9xlqZDY7JVryGxdxV7NPeuqQfplOpQ66yJFZut3jLa5zOwkXw1g9EI2uKh4Og=="
		},
		"electron-to-chromium": {
			"version": "1.3.744",
			"resolved": "https://registry.npmjs.org/electron-to-chromium/-/electron-to-chromium-1.3.744.tgz?rbtorrent=f2066014d05abd55ae8c67754cc84a71ad9ebe81",
			"integrity": "sha512-o/vep/PvSXg+7buwCbVJXHY3zbjYVmFPwnMMnchESXgAzrfcasvbX/hQZHCFGG7YdZgdtwt1KTMyK9CyBxPbLA=="
		},
		"enhanced-resolve": {
			"version": "5.8.2",
			"resolved": "https://registry.npmjs.org/enhanced-resolve/-/enhanced-resolve-5.8.2.tgz?rbtorrent=0c337fd246de07a80fee70de55f00f9e82beeb0d",
			"integrity": "sha512-F27oB3WuHDzvR2DOGNTaYy0D5o0cnrv8TeI482VM4kYgQd/FT9lUQwuNsJ0oOHtBUq7eiW5ytqzp7nBFknL+GA==",
			"requires": {
				"graceful-fs": "^4.2.4",
				"tapable": "^2.2.0"
			}
		},
		"es-module-lexer": {
			"version": "0.4.1",
			"resolved": "https://registry.npmjs.org/es-module-lexer/-/es-module-lexer-0.4.1.tgz?rbtorrent=2aa3af6f54892f72dc997def428270a845dbf5dd",
			"integrity": "sha512-ooYciCUtfw6/d2w56UVeqHPcoCFAiJdz5XOkYpv/Txl1HMUozpXjz/2RIQgqwKdXNDPSF1W7mJCFse3G+HDyAA=="
		},
		"escalade": {
			"version": "3.1.1",
			"resolved": "https://registry.npmjs.org/escalade/-/escalade-3.1.1.tgz?rbtorrent=24b3dfba81fd9b126b9af3b560ead79d61a5a4f0",
			"integrity": "sha512-k0er2gUkLf8O0zKJiAhmkTnJlTvINGv7ygDNPbeIsX/TJjGJZHuh9B2UxbsaEkmlEo9MfhrSzmhIlhRlI2GXnw=="
		},
		"eslint-scope": {
			"version": "5.1.1",
			"resolved": "https://registry.npmjs.org/eslint-scope/-/eslint-scope-5.1.1.tgz?rbtorrent=5543028663db29cd442cdd6298fcdc0c11c1f8b2",
			"integrity": "sha512-2NxwbF/hZ0KpepYN0cNbo+FN6XoK7GaHlQhgx/hIZl6Va0bF45RQOOwhLIy8lQDbuCiadSLCBnH2CFYquit5bw==",
			"requires": {
				"esrecurse": "^4.3.0",
				"estraverse": "^4.1.1"
			}
		},
		"esrecurse": {
			"version": "4.3.0",
			"resolved": "https://registry.npmjs.org/esrecurse/-/esrecurse-4.3.0.tgz?rbtorrent=75ee9b74b9c0a6bec5ed04920f07c443ff85911f",
			"integrity": "sha512-KmfKL3b6G+RXvP8N1vr3Tq1kL/oCFgn2NYXEtqP8/L3pKapUA4G8cFVaoF3SU323CD4XypR/ffioHmkti6/Tag==",
			"requires": {
				"estraverse": "^5.2.0"
			},
			"dependencies": {
				"estraverse": {
					"version": "5.2.0",
					"resolved": "https://registry.npmjs.org/estraverse/-/estraverse-5.2.0.tgz?rbtorrent=322c47e0c3ff75b6bd713504c4fdb6a60ee69e43",
					"integrity": "sha512-BxbNGGNm0RyRYvUdHpIwv9IWzeM9XClbOxwoATuFdOE7ZE6wHL+HQ5T8hoPM+zHvmKzzsEqhgy0GrQ5X13afiQ=="
				}
			}
		},
		"estraverse": {
			"version": "4.3.0",
			"resolved": "https://registry.npmjs.org/estraverse/-/estraverse-4.3.0.tgz?rbtorrent=3f68ce8b75112184e02b1364df05181a5fb0f440",
			"integrity": "sha512-39nnKffWz8xN1BU/2c79n9nB9HDzo0niYUqx6xyqUnyoAnQyyWpOTdZEeiCch8BBu515t4wp9ZmgVfVhn9EBpw=="
		},
		"events": {
			"version": "3.3.0",
			"resolved": "https://registry.npmjs.org/events/-/events-3.3.0.tgz?rbtorrent=842dc1cb8084985a0b4489adc6c8aed7b0518e09",
			"integrity": "sha512-mQw+2fkQbALzQ7V0MY0IqdnXNOeTtP4r0lN9z7AAawCXgqea7bDii20AYrIBrFd/Hx0M2Ocz6S111CaFkUcb0Q=="
		},
		"fast-deep-equal": {
			"version": "3.1.3",
			"resolved": "https://registry.npmjs.org/fast-deep-equal/-/fast-deep-equal-3.1.3.tgz?rbtorrent=8855b8355a43a0b4004382ab3b8abca525a2cf83",
			"integrity": "sha512-f3qQ9oQy9j2AhBe/H9VC91wLmKBCCU/gDOnKNAYG5hswO7BLKj09Hc5HYNz9cGI++xlpDCIgDaitVs03ATR84Q=="
		},
		"fast-json-stable-stringify": {
			"version": "2.1.0",
			"resolved": "https://registry.npmjs.org/fast-json-stable-stringify/-/fast-json-stable-stringify-2.1.0.tgz?rbtorrent=73f9b29e0e2f0f75a0b56fbfa16b1e6c3d1d1c1c",
			"integrity": "sha512-lhd/wF+Lk98HZoTCtlVraHtfh5XYijIjalXck7saUtuanSDyLMxnHhSXEDJqHxD7msR8D0uCmqlkwjCV8xvwHw=="
		},
		"glob-to-regexp": {
			"version": "0.4.1",
			"resolved": "https://registry.npmjs.org/glob-to-regexp/-/glob-to-regexp-0.4.1.tgz?rbtorrent=73ef341fadd737fcac9cc5dee8bfc9434db361bc",
			"integrity": "sha512-lkX1HJXwyMcprw/5YUZc2s7DrpAiHB21/V+E1rHUrVNokkvB6bqMzT0VfV6/86ZNabt1k14YOIaT7nDvOX3Iiw=="
		},
		"graceful-fs": {
			"version": "4.2.6",
			"resolved": "https://registry.npmjs.org/graceful-fs/-/graceful-fs-4.2.6.tgz?rbtorrent=18b90ef80d1ec232dcda359e59b9f0bad219a3b5",
			"integrity": "sha512-nTnJ528pbqxYanhpDYsi4Rd8MAeaBA67+RZ10CM1m3bTAVFEDcd5AuA4a6W5YkGZ1iNXHzZz8T6TBKLeBuNriQ=="
		},
		"has-flag": {
			"version": "4.0.0",
			"resolved": "https://registry.npmjs.org/has-flag/-/has-flag-4.0.0.tgz?rbtorrent=0ed67d1d919c403863c5cdb7bfc454f49a1daff2",
			"integrity": "sha512-EykJT/Q1KjTWctppgIAgfSO0tKVuZUjhgMr17kqTumMl6Afv3EISleU7qZUzoXDFTAHTDC4NOoG/ZxU3EvlMPQ=="
		},
		"is-docker": {
			"version": "2.2.1",
			"resolved": "https://registry.npmjs.org/is-docker/-/is-docker-2.2.1.tgz",
			"integrity": "sha512-F+i2BKsFrH66iaUFc0woD8sLy8getkwTwtOBjvs56Cx4CgJDeKQeqfz8wAYiSb8JOprWhHH5p77PbmYCvvUuXQ=="
		},
		"is-wsl": {
			"version": "2.2.0",
			"resolved": "https://registry.npmjs.org/is-wsl/-/is-wsl-2.2.0.tgz",
			"integrity": "sha512-fKzAra0rGJUUBwGBgNkHZuToZcn+TtXHpeCgmkMJMMYx1sQDYaCSyjJBSCa2nH1DGm7s3n1oBnohoVTBaN7Lww==",
			"requires": {
				"is-docker": "^2.0.0"
			}
		},
		"jest-worker": {
			"version": "27.0.2",
			"resolved": "https://registry.npmjs.org/jest-worker/-/jest-worker-27.0.2.tgz?rbtorrent=f5df67550b2047079ef9f55385057e0d13a6204a",
			"integrity": "sha512-EoBdilOTTyOgmHXtw/cPc+ZrCA0KJMrkXzkrPGNwLmnvvlN1nj7MPrxpT7m+otSv2e1TLaVffzDnE/LB14zJMg==",
			"requires": {
				"@types/node": "*",
				"merge-stream": "^2.0.0",
				"supports-color": "^8.0.0"
			}
		},
		"json-parse-better-errors": {
			"version": "1.0.2",
			"resolved": "https://registry.npmjs.org/json-parse-better-errors/-/json-parse-better-errors-1.0.2.tgz?rbtorrent=d79faaf4dacc816985e335bdfd552a3d8d310241",
			"integrity": "sha512-mrqyZKfX5EhL7hvqcV6WG1yYjnjeuYDzDhhcAAUrq8Po85NBQBJP+ZDUT75qZQ98IkUoBqdkExkukOU7Ts2wrw=="
		},
		"json-schema-traverse": {
			"version": "0.4.1",
			"resolved": "https://registry.npmjs.org/json-schema-traverse/-/json-schema-traverse-0.4.1.tgz?rbtorrent=df5a39a3a5d620b514175f0bc058853a8bed41d3",
			"integrity": "sha512-xbbCH5dCYU5T8LcEhhuh7HJ88HXuW3qsI3Y0zOZFKfZEHcpWiHU/Jxzk629Brsab/mMiHQti9wMP+845RPe3Vg=="
		},
		"loader-runner": {
			"version": "4.2.0",
			"resolved": "https://registry.npmjs.org/loader-runner/-/loader-runner-4.2.0.tgz?rbtorrent=36357a47db7ef82e8ea2ed6ff57918c251597eef",
			"integrity": "sha512-92+huvxMvYlMzMt0iIOukcwYBFpkYJdpl2xsZ7LrlayO7E8SOv+JJUEK17B/dJIHAOLMfh2dZZ/Y18WgmGtYNw=="
		},
		"merge-stream": {
			"version": "2.0.0",
			"resolved": "https://registry.npmjs.org/merge-stream/-/merge-stream-2.0.0.tgz?rbtorrent=d75a9d46cada457d9f9662d5626e938feeafb477",
			"integrity": "sha512-abv/qOcuPfk3URPfDzmZU1LKmuw8kT+0nIHvKrKgFrwifol/doWcdA4ZqsWQ8ENrFKkd67Mfpo/LovbIUsbt3w=="
		},
		"mime-db": {
			"version": "1.48.0",
			"resolved": "https://registry.npmjs.org/mime-db/-/mime-db-1.48.0.tgz?rbtorrent=a8f454f3c15e3a112a57802582d3f58c08377a9b",
			"integrity": "sha512-FM3QwxV+TnZYQ2aRqhlKBMHxk10lTbMt3bBkMAp54ddrNeVSfcQYOOKuGuy3Ddrm38I04If834fOUSq1yzslJQ=="
		},
		"mime-types": {
			"version": "2.1.31",
			"resolved": "https://registry.npmjs.org/mime-types/-/mime-types-2.1.31.tgz?rbtorrent=d5e99cb87e5fe4a075d1153976d9e83fc1d31baf",
			"integrity": "sha512-XGZnNzm3QvgKxa8dpzyhFTHmpP3l5YNusmne07VUOXxou9CqUqYa/HBy124RqtVh/O2pECas/MOcsDgpilPOPg==",
			"requires": {
				"mime-db": "1.48.0"
			}
		},
		"neo-async": {
			"version": "2.6.2",
			"resolved": "https://registry.npmjs.org/neo-async/-/neo-async-2.6.2.tgz?rbtorrent=639a463a6ce562df838872ae1a02a3351329f250",
			"integrity": "sha512-Yd3UES5mWCSqR+qNT93S3UoYUkqAZ9lLg8a7g9rimsWmYGK8cVToA4/sF3RrshdyV3sAGMXVUmpMYOw+dLpOuw=="
		},
		"node-releases": {
			"version": "1.1.72",
			"resolved": "https://registry.npmjs.org/node-releases/-/node-releases-1.1.72.tgz?rbtorrent=be33bb44fbe2913d0b5a2df8b1ea5b38002e8f16",
			"integrity": "sha512-LLUo+PpH3dU6XizX3iVoubUNheF/owjXCZZ5yACDxNnPtgFuludV1ZL3ayK1kVep42Rmm0+R9/Y60NQbZ2bifw=="
		},
		"open": {
			"version": "8.2.1",
			"resolved": "https://registry.npmjs.org/open/-/open-8.2.1.tgz",
			"integrity": "sha512-rXILpcQlkF/QuFez2BJDf3GsqpjGKbkUUToAIGo9A0Q6ZkoSGogZJulrUdwRkrAsoQvoZsrjCYt8+zblOk7JQQ==",
			"requires": {
				"define-lazy-prop": "^2.0.0",
				"is-docker": "^2.1.1",
				"is-wsl": "^2.2.0"
			}
		},
		"p-limit": {
			"version": "3.1.0",
			"resolved": "https://registry.npmjs.org/p-limit/-/p-limit-3.1.0.tgz?rbtorrent=87300825ce6a9a987933ecd297b8fa48c4a57313",
			"integrity": "sha512-TYOanM3wGwNGsZN2cVTYPArw454xnXj5qmWF1bEoAc4+cU/ol7GVh7odevjp1FNHduHc3KZMcFduxU5Xc6uJRQ==",
			"requires": {
				"yocto-queue": "^0.1.0"
			}
		},
		"punycode": {
			"version": "2.1.1",
			"resolved": "https://registry.npmjs.org/punycode/-/punycode-2.1.1.tgz?rbtorrent=282ababa2206a1eea92dc3e32923af190bd1e5df",
			"integrity": "sha512-XRsRjdf+j5ml+y/6GKHPZbrF/8p2Yga0JPtdqTIY2Xe5ohJPD9saDJJLPvp9+NSBprVvevdXZybnj2cv8OEd0A=="
		},
		"randombytes": {
			"version": "2.1.0",
			"resolved": "https://registry.npmjs.org/randombytes/-/randombytes-2.1.0.tgz?rbtorrent=d5c90823cfc32efbe52a231105ba9eb2dbcbcc01",
			"integrity": "sha512-vYl3iOX+4CKUWuxGi9Ukhie6fsqXqS9FE2Zaic4tNFD2N2QQaXOMFbuKK4QmDHC0JO6B1Zp41J0LpT0oR68amQ==",
			"requires": {
				"safe-buffer": "^5.1.0"
			}
		},
		"safe-buffer": {
			"version": "5.2.1",
			"resolved": "https://registry.npmjs.org/safe-buffer/-/safe-buffer-5.2.1.tgz?rbtorrent=e3149b0255bb4dc4e498c9b879904dfcfa607eba",
			"integrity": "sha512-rp3So07KcdmmKbGvgaNxQSJr7bGVSVk5S9Eq1F+ppbRo70+YeaDxkw5Dd8NPN+GD6bjnYm2VuPuCXmpuYvmCXQ=="
		},
		"schema-utils": {
			"version": "3.0.0",
			"resolved": "https://registry.npmjs.org/schema-utils/-/schema-utils-3.0.0.tgz?rbtorrent=a2b7f4476c3eb8250c31300f9420260c436d0a2d",
			"integrity": "sha512-6D82/xSzO094ajanoOSbe4YvXWMfn2A//8Y1+MUqFAJul5Bs+yn36xbK9OtNDcRVSBJ9jjeoXftM6CfztsjOAA==",
			"requires": {
				"@types/json-schema": "^7.0.6",
				"ajv": "^6.12.5",
				"ajv-keywords": "^3.5.2"
			}
		},
		"serialize-javascript": {
			"version": "5.0.1",
			"resolved": "https://registry.npmjs.org/serialize-javascript/-/serialize-javascript-5.0.1.tgz?rbtorrent=a7a104d85d8fd6f6bf010e9c215b0a0b7af78753",
			"integrity": "sha512-SaaNal9imEO737H2c05Og0/8LUXG7EnsZyMa8MzkmuHoELfT6txuj0cMqRj6zfPKnmQ1yasR4PCJc8x+M4JSPA==",
			"requires": {
				"randombytes": "^2.1.0"
			}
		},
		"source-list-map": {
			"version": "2.0.1",
			"resolved": "https://registry.npmjs.org/source-list-map/-/source-list-map-2.0.1.tgz?rbtorrent=a2e5e8af13a2323cce43ea744f232a27179e9183",
			"integrity": "sha512-qnQ7gVMxGNxsiL4lEuJwe/To8UnK7fAnmbGEEH8RpLouuKbeEm0lhbQVFIrNSuB+G7tVrAlVsZgETT5nljf+Iw=="
		},
		"source-map": {
			"version": "0.6.1",
			"resolved": "https://registry.npmjs.org/source-map/-/source-map-0.6.1.tgz?rbtorrent=f8ee5e6ee3b6e7c3ad66deeedb1d015a07ddfc05",
			"integrity": "sha512-UjgapumWlbMhkBgzT7Ykc5YXUT46F0iKu8SGXq0bcwP5dz/h0Plj6enJqjz1Zbq2l5WaqYnrVbwWOWMyF3F47g=="
		},
		"source-map-support": {
			"version": "0.5.19",
			"resolved": "https://registry.npmjs.org/source-map-support/-/source-map-support-0.5.19.tgz?rbtorrent=7e07e9bac9740a2614fe22f1e0f38ed4f8767960",
			"integrity": "sha512-Wonm7zOCIJzBGQdB+thsPar0kYuCIzYvxZwlBa87yi/Mdjv7Tip2cyVbLj5o0cFPN4EVkuTwb3GDDyUx2DGnGw==",
			"requires": {
				"buffer-from": "^1.0.0",
				"source-map": "^0.6.0"
			}
		},
		"supports-color": {
			"version": "8.1.1",
			"resolved": "https://registry.npmjs.org/supports-color/-/supports-color-8.1.1.tgz?rbtorrent=2c1530b152cc8ef76f1f2c4cfa333d9957b8b637",
			"integrity": "sha512-MpUEN2OodtUzxvKQl72cUF7RQ5EiHsGvSsVG0ia9c5RbWGL2CI4C7EpPS8UTBIplnlzZiNuV56w+FuNxy3ty2Q==",
			"requires": {
				"has-flag": "^4.0.0"
			}
		},
		"tapable": {
			"version": "2.2.0",
			"resolved": "https://registry.npmjs.org/tapable/-/tapable-2.2.0.tgz?rbtorrent=2d7dd03fd31391a5acdbbb9bf0df2761958b6455",
			"integrity": "sha512-FBk4IesMV1rBxX2tfiK8RAmogtWn53puLOQlvO8XuwlgxcYbP4mVPS9Ph4aeamSyyVjOl24aYWAuc8U5kCVwMw=="
		},
		"terser": {
			"version": "5.7.0",
			"resolved": "https://registry.npmjs.org/terser/-/terser-5.7.0.tgz?rbtorrent=6038b10c257b3c27ee7eca84f8afd142a3b27361",
			"integrity": "sha512-HP5/9hp2UaZt5fYkuhNBR8YyRcT8juw8+uFbAme53iN9hblvKnLUTKkmwJG6ocWpIKf8UK4DoeWG4ty0J6S6/g==",
			"requires": {
				"commander": "^2.20.0",
				"source-map": "~0.7.2",
				"source-map-support": "~0.5.19"
			},
			"dependencies": {
				"source-map": {
					"version": "0.7.3",
					"resolved": "https://registry.npmjs.org/source-map/-/source-map-0.7.3.tgz?rbtorrent=6dff8a43ebefaae0dc1d328c1e02d022d0ba1eba",
					"integrity": "sha512-CkCj6giN3S+n9qrYiBTX5gystlENnRW5jZeNLHpe6aue+SrHcG5VYwujhW9s4dY31mEGsxBDrHR6oI69fTXsaQ=="
				}
			}
		},
		"terser-webpack-plugin": {
			"version": "5.1.3",
			"resolved": "https://registry.npmjs.org/terser-webpack-plugin/-/terser-webpack-plugin-5.1.3.tgz?rbtorrent=b834096204861c0991af9aecb305d52d2cfac640",
			"integrity": "sha512-cxGbMqr6+A2hrIB5ehFIF+F/iST5ZOxvOmy9zih9ySbP1C2oEWQSOUS+2SNBTjzx5xLKO4xnod9eywdfq1Nb9A==",
			"requires": {
				"jest-worker": "^27.0.2",
				"p-limit": "^3.1.0",
				"schema-utils": "^3.0.0",
				"serialize-javascript": "^5.0.1",
				"source-map": "^0.6.1",
				"terser": "^5.7.0"
			}
		},
		"uri-js": {
			"version": "4.4.1",
			"resolved": "https://registry.npmjs.org/uri-js/-/uri-js-4.4.1.tgz?rbtorrent=da8316eab7bedb987c6087fad2c8e1a51ff339fb",
			"integrity": "sha512-7rKUyy33Q1yc98pQ1DAmLtwX109F7TIfWlW1Ydo8Wl1ii1SeHieeh0HHfPeL2fMXK6z0s8ecKs9frCuLJvndBg==",
			"requires": {
				"punycode": "^2.1.0"
			}
		},
		"watchpack": {
			"version": "2.2.0",
			"resolved": "https://registry.npmjs.org/watchpack/-/watchpack-2.2.0.tgz?rbtorrent=e85adf2fccbfa4e210a59408115ebaf3b621bb0b",
			"integrity": "sha512-up4YAn/XHgZHIxFBVCdlMiWDj6WaLKpwVeGQk2I5thdYxF/KmF0aaz6TfJZ/hfl1h/XlcDr7k1KH7ThDagpFaA==",
			"requires": {
				"glob-to-regexp": "^0.4.1",
				"graceful-fs": "^4.1.2"
			}
		},
		"webpack": {
			"version": "5.38.1",
			"resolved": "https://registry.npmjs.org/webpack/-/webpack-5.38.1.tgz?rbtorrent=4f154d8591b06e88bd5412beaa3a5d0d9bad5f60",
			"integrity": "sha512-OqRmYD1OJbHZph6RUMD93GcCZy4Z4wC0ele4FXyYF0J6AxO1vOSuIlU1hkS/lDlR9CDYBz64MZRmdbdnFFoT2g==",
			"requires": {
				"@types/eslint-scope": "^3.7.0",
				"@types/estree": "^0.0.47",
				"@webassemblyjs/ast": "1.11.0",
				"@webassemblyjs/wasm-edit": "1.11.0",
				"@webassemblyjs/wasm-parser": "1.11.0",
				"acorn": "^8.2.1",
				"browserslist": "^4.14.5",
				"chrome-trace-event": "^1.0.2",
				"enhanced-resolve": "^5.8.0",
				"es-module-lexer": "^0.4.0",
				"eslint-scope": "5.1.1",
				"events": "^3.2.0",
				"glob-to-regexp": "^0.4.1",
				"graceful-fs": "^4.2.4",
				"json-parse-better-errors": "^1.0.2",
				"loader-runner": "^4.2.0",
				"mime-types": "^2.1.27",
				"neo-async": "^2.6.2",
				"schema-utils": "^3.0.0",
				"tapable": "^2.1.1",
				"terser-webpack-plugin": "^5.1.1",
				"watchpack": "^2.2.0",
				"webpack-sources": "^2.3.0"
			}
		},
		"webpack-sources": {
			"version": "2.3.0",
			"resolved": "https://registry.npmjs.org/webpack-sources/-/webpack-sources-2.3.0.tgz?rbtorrent=1a1cbb0b41b801a2b82086bfe52af2d9f383a754",
			"integrity": "sha512-WyOdtwSvOML1kbgtXbTDnEW0jkJ7hZr/bDByIwszhWd/4XX1A3XMkrbFMsuH4+/MfLlZCUzlAdg4r7jaGKEIgQ==",
			"requires": {
				"source-list-map": "^2.0.1",
				"source-map": "^0.6.1"
			}
		},
		"yocto-queue": {
			"version": "0.1.0",
			"resolved": "https://registry.npmjs.org/yocto-queue/-/yocto-queue-0.1.0.tgz?rbtorrent=0258e7cf3d257107b97e0ecb3ab9e4b0d900e7a2",
			"integrity": "sha512-rVksvsnNCdJ/ohGc6xgPwyN8eheCxsiLM8mxuE/t/mOVqJewPuO1miLpTHQiRgTKCLexL4MeAFVagts7HmNZ2Q=="
		}
	}
}
